// !$*UTF8*$!
{
	archiveVersion = 1;
	classes = {
	};
	objectVersion = 48;
	objects = {

/* Begin PBXBuildFile section */
		172CB8DF7ED2B8641B462179 /* libPods-TravisCI.a in Frameworks */ = {isa = PBXBuildFile; fileRef = 90F315F978F8DF91AF6242D3 /* libPods-TravisCI.a */; };
		6D5D5CC88765E97A1E09B71B /* libPods-TravisCITests.a in Frameworks */ = {isa = PBXBuildFile; fileRef = F9C8A518347FA1828A616F3A /* libPods-TravisCITests.a */; };
		8D0649BF1FA118F1007123EF /* TravisCI.framework in Frameworks */ = {isa = PBXBuildFile; fileRef = 8D0649B51FA118F1007123EF /* TravisCI.framework */; };
		8D0649C41FA118F1007123EF /* TravisConfigTests.swift in Sources */ = {isa = PBXBuildFile; fileRef = 8D0649C31FA118F1007123EF /* TravisConfigTests.swift */; };
		8D0649C61FA118F1007123EF /* TravisCI.h in Headers */ = {isa = PBXBuildFile; fileRef = 8D0649B81FA118F1007123EF /* TravisCI.h */; settings = {ATTRIBUTES = (Public, ); }; };
		8D0649D41FA11B94007123EF /* TravisRepository.swift in Sources */ = {isa = PBXBuildFile; fileRef = 8D0649D01FA11B93007123EF /* TravisRepository.swift */; };
		8D0649D51FA11B94007123EF /* TravisCommit.swift in Sources */ = {isa = PBXBuildFile; fileRef = 8D0649D11FA11B93007123EF /* TravisCommit.swift */; };
		8D0649D61FA11B94007123EF /* TravisBuild.swift in Sources */ = {isa = PBXBuildFile; fileRef = 8D0649D21FA11B93007123EF /* TravisBuild.swift */; };
		8D0649D71FA11B94007123EF /* TravisAccount.swift in Sources */ = {isa = PBXBuildFile; fileRef = 8D0649D31FA11B93007123EF /* TravisAccount.swift */; };
		8D0649DF1FA11CB9007123EF /* TravisSession.swift in Sources */ = {isa = PBXBuildFile; fileRef = 8D0649DD1FA11CB9007123EF /* TravisSession.swift */; };
		8D0649E01FA11CB9007123EF /* TravisConfig.swift in Sources */ = {isa = PBXBuildFile; fileRef = 8D0649DE1FA11CB9007123EF /* TravisConfig.swift */; };
		8D0649E31FA11CE3007123EF /* TravisAuth.swift in Sources */ = {isa = PBXBuildFile; fileRef = 8D0649E21FA11CE3007123EF /* TravisAuth.swift */; };
		8D0649E61FA1244D007123EF /* TravisError.swift in Sources */ = {isa = PBXBuildFile; fileRef = 8D0649E51FA1244D007123EF /* TravisError.swift */; };
		8D0649EB1FA133C1007123EF /* UrlManager.swift in Sources */ = {isa = PBXBuildFile; fileRef = 8D0649EA1FA133C1007123EF /* UrlManager.swift */; };
		8D0649EF1FA14151007123EF /* TravisAuthAdapter.swift in Sources */ = {isa = PBXBuildFile; fileRef = 8D0649EE1FA14151007123EF /* TravisAuthAdapter.swift */; };
		8D0649F11FA14229007123EF /* TravisAuthTests.swift in Sources */ = {isa = PBXBuildFile; fileRef = 8D0649F01FA14229007123EF /* TravisAuthTests.swift */; };
		8D0649F71FA164CC007123EF /* TravisSessionManager.swift in Sources */ = {isa = PBXBuildFile; fileRef = 8D0649F61FA164CC007123EF /* TravisSessionManager.swift */; };
/* End PBXBuildFile section */

/* Begin PBXContainerItemProxy section */
		8D0649C01FA118F1007123EF /* PBXContainerItemProxy */ = {
			isa = PBXContainerItemProxy;
			containerPortal = 8D0649AC1FA118F1007123EF /* Project object */;
			proxyType = 1;
			remoteGlobalIDString = 8D0649B41FA118F1007123EF;
			remoteInfo = TravisCI;
		};
/* End PBXContainerItemProxy section */

/* Begin PBXFileReference section */
		14AEB47873F7922D2B569AAF /* Pods-TravisCITests.debug.xcconfig */ = {isa = PBXFileReference; includeInIndex = 1; lastKnownFileType = text.xcconfig; name = "Pods-TravisCITests.debug.xcconfig"; path = "Target Support Files/Pods-TravisCITests/Pods-TravisCITests.debug.xcconfig"; sourceTree = "<group>"; };
		2365CD5B235F2ED000194F7C /* Alamofire.framework */ = {isa = PBXFileReference; explicitFileType = wrapper.framework; path = Alamofire.framework; sourceTree = BUILT_PRODUCTS_DIR; };
		42E3025A4FCD9EC2EBFFF028 /* Pods-TravisCI.release.xcconfig */ = {isa = PBXFileReference; includeInIndex = 1; lastKnownFileType = text.xcconfig; name = "Pods-TravisCI.release.xcconfig"; path = "Target Support Files/Pods-TravisCI/Pods-TravisCI.release.xcconfig"; sourceTree = "<group>"; };
		50C6D7200A09AC45115AD625 /* Pods-TravisCITests.release.xcconfig */ = {isa = PBXFileReference; includeInIndex = 1; lastKnownFileType = text.xcconfig; name = "Pods-TravisCITests.release.xcconfig"; path = "Target Support Files/Pods-TravisCITests/Pods-TravisCITests.release.xcconfig"; sourceTree = "<group>"; };
		8D0649B51FA118F1007123EF /* TravisCI.framework */ = {isa = PBXFileReference; explicitFileType = wrapper.framework; includeInIndex = 0; path = TravisCI.framework; sourceTree = BUILT_PRODUCTS_DIR; };
		8D0649B81FA118F1007123EF /* TravisCI.h */ = {isa = PBXFileReference; lastKnownFileType = sourcecode.c.h; path = TravisCI.h; sourceTree = "<group>"; };
		8D0649B91FA118F1007123EF /* Info.plist */ = {isa = PBXFileReference; lastKnownFileType = text.plist.xml; path = Info.plist; sourceTree = "<group>"; };
		8D0649BE1FA118F1007123EF /* TravisCITests.xctest */ = {isa = PBXFileReference; explicitFileType = wrapper.cfbundle; includeInIndex = 0; path = TravisCITests.xctest; sourceTree = BUILT_PRODUCTS_DIR; };
		8D0649C31FA118F1007123EF /* TravisConfigTests.swift */ = {isa = PBXFileReference; lastKnownFileType = sourcecode.swift; path = TravisConfigTests.swift; sourceTree = "<group>"; };
		8D0649C51FA118F1007123EF /* Info.plist */ = {isa = PBXFileReference; lastKnownFileType = text.plist.xml; path = Info.plist; sourceTree = "<group>"; };
		8D0649D01FA11B93007123EF /* TravisRepository.swift */ = {isa = PBXFileReference; fileEncoding = 4; lastKnownFileType = sourcecode.swift; path = TravisRepository.swift; sourceTree = "<group>"; };
		8D0649D11FA11B93007123EF /* TravisCommit.swift */ = {isa = PBXFileReference; fileEncoding = 4; lastKnownFileType = sourcecode.swift; path = TravisCommit.swift; sourceTree = "<group>"; };
		8D0649D21FA11B93007123EF /* TravisBuild.swift */ = {isa = PBXFileReference; fileEncoding = 4; lastKnownFileType = sourcecode.swift; path = TravisBuild.swift; sourceTree = "<group>"; };
		8D0649D31FA11B93007123EF /* TravisAccount.swift */ = {isa = PBXFileReference; fileEncoding = 4; lastKnownFileType = sourcecode.swift; path = TravisAccount.swift; sourceTree = "<group>"; };
		8D0649DD1FA11CB9007123EF /* TravisSession.swift */ = {isa = PBXFileReference; fileEncoding = 4; lastKnownFileType = sourcecode.swift; path = TravisSession.swift; sourceTree = "<group>"; };
		8D0649DE1FA11CB9007123EF /* TravisConfig.swift */ = {isa = PBXFileReference; fileEncoding = 4; lastKnownFileType = sourcecode.swift; path = TravisConfig.swift; sourceTree = "<group>"; };
		8D0649E21FA11CE3007123EF /* TravisAuth.swift */ = {isa = PBXFileReference; fileEncoding = 4; lastKnownFileType = sourcecode.swift; path = TravisAuth.swift; sourceTree = "<group>"; };
		8D0649E51FA1244D007123EF /* TravisError.swift */ = {isa = PBXFileReference; lastKnownFileType = sourcecode.swift; path = TravisError.swift; sourceTree = "<group>"; };
		8D0649EA1FA133C1007123EF /* UrlManager.swift */ = {isa = PBXFileReference; lastKnownFileType = sourcecode.swift; path = UrlManager.swift; sourceTree = "<group>"; };
		8D0649EE1FA14151007123EF /* TravisAuthAdapter.swift */ = {isa = PBXFileReference; lastKnownFileType = sourcecode.swift; path = TravisAuthAdapter.swift; sourceTree = "<group>"; };
		8D0649F01FA14229007123EF /* TravisAuthTests.swift */ = {isa = PBXFileReference; lastKnownFileType = sourcecode.swift; path = TravisAuthTests.swift; sourceTree = "<group>"; };
		8D0649F61FA164CC007123EF /* TravisSessionManager.swift */ = {isa = PBXFileReference; lastKnownFileType = sourcecode.swift; path = TravisSessionManager.swift; sourceTree = "<group>"; };
		90F315F978F8DF91AF6242D3 /* libPods-TravisCI.a */ = {isa = PBXFileReference; explicitFileType = archive.ar; includeInIndex = 0; path = "libPods-TravisCI.a"; sourceTree = BUILT_PRODUCTS_DIR; };
		A03B3C83185CC5EC0756CB93 /* Pods-TravisCI.debug.xcconfig */ = {isa = PBXFileReference; includeInIndex = 1; lastKnownFileType = text.xcconfig; name = "Pods-TravisCI.debug.xcconfig"; path = "Target Support Files/Pods-TravisCI/Pods-TravisCI.debug.xcconfig"; sourceTree = "<group>"; };
		F9C8A518347FA1828A616F3A /* libPods-TravisCITests.a */ = {isa = PBXFileReference; explicitFileType = archive.ar; includeInIndex = 0; path = "libPods-TravisCITests.a"; sourceTree = BUILT_PRODUCTS_DIR; };
/* End PBXFileReference section */

/* Begin PBXFrameworksBuildPhase section */
		8D0649B11FA118F1007123EF /* Frameworks */ = {
			isa = PBXFrameworksBuildPhase;
			buildActionMask = 2147483647;
			files = (
				172CB8DF7ED2B8641B462179 /* libPods-TravisCI.a in Frameworks */,
			);
			runOnlyForDeploymentPostprocessing = 0;
		};
		8D0649BB1FA118F1007123EF /* Frameworks */ = {
			isa = PBXFrameworksBuildPhase;
			buildActionMask = 2147483647;
			files = (
				8D0649BF1FA118F1007123EF /* TravisCI.framework in Frameworks */,
				6D5D5CC88765E97A1E09B71B /* libPods-TravisCITests.a in Frameworks */,
			);
			runOnlyForDeploymentPostprocessing = 0;
		};
/* End PBXFrameworksBuildPhase section */

/* Begin PBXGroup section */
		73F79E5AB4B36C9E1C3D2308 /* Pods */ = {
			isa = PBXGroup;
			children = (
				A03B3C83185CC5EC0756CB93 /* Pods-TravisCI.debug.xcconfig */,
				42E3025A4FCD9EC2EBFFF028 /* Pods-TravisCI.release.xcconfig */,
				14AEB47873F7922D2B569AAF /* Pods-TravisCITests.debug.xcconfig */,
				50C6D7200A09AC45115AD625 /* Pods-TravisCITests.release.xcconfig */,
			);
			path = Pods;
			sourceTree = "<group>";
		};
		8D0649AB1FA118F1007123EF = {
			isa = PBXGroup;
			children = (
				8D0649B71FA118F1007123EF /* TravisCI */,
				8D0649C21FA118F1007123EF /* TravisCITests */,
				8D0649B61FA118F1007123EF /* Products */,
				F63E29C43699A11A4F9C254F /* Frameworks */,
				73F79E5AB4B36C9E1C3D2308 /* Pods */,
			);
			sourceTree = "<group>";
		};
		8D0649B61FA118F1007123EF /* Products */ = {
			isa = PBXGroup;
			children = (
				8D0649B51FA118F1007123EF /* TravisCI.framework */,
				8D0649BE1FA118F1007123EF /* TravisCITests.xctest */,
			);
			name = Products;
			sourceTree = "<group>";
		};
		8D0649B71FA118F1007123EF /* TravisCI */ = {
			isa = PBXGroup;
			children = (
				8D0649E91FA133AF007123EF /* Network */,
				8D0649E41FA1243F007123EF /* Utils */,
				8D0649E11FA11CCE007123EF /* Auth */,
				8D0649DC1FA11C9F007123EF /* Config */,
				8D0649CF1FA11B68007123EF /* Models */,
				8D0649B81FA118F1007123EF /* TravisCI.h */,
				8D0649B91FA118F1007123EF /* Info.plist */,
			);
			path = TravisCI;
			sourceTree = "<group>";
		};
		8D0649C21FA118F1007123EF /* TravisCITests */ = {
			isa = PBXGroup;
			children = (
				8D0649C31FA118F1007123EF /* TravisConfigTests.swift */,
				8D0649F01FA14229007123EF /* TravisAuthTests.swift */,
				8D0649C51FA118F1007123EF /* Info.plist */,
			);
			path = TravisCITests;
			sourceTree = "<group>";
		};
		8D0649CF1FA11B68007123EF /* Models */ = {
			isa = PBXGroup;
			children = (
				8D0649D31FA11B93007123EF /* TravisAccount.swift */,
				8D0649D21FA11B93007123EF /* TravisBuild.swift */,
				8D0649D11FA11B93007123EF /* TravisCommit.swift */,
				8D0649D01FA11B93007123EF /* TravisRepository.swift */,
			);
			path = Models;
			sourceTree = "<group>";
		};
		8D0649DC1FA11C9F007123EF /* Config */ = {
			isa = PBXGroup;
			children = (
				8D0649F61FA164CC007123EF /* TravisSessionManager.swift */,
				8D0649DE1FA11CB9007123EF /* TravisConfig.swift */,
				8D0649DD1FA11CB9007123EF /* TravisSession.swift */,
			);
			path = Config;
			sourceTree = "<group>";
		};
		8D0649E11FA11CCE007123EF /* Auth */ = {
			isa = PBXGroup;
			children = (
				8D0649EE1FA14151007123EF /* TravisAuthAdapter.swift */,
				8D0649E21FA11CE3007123EF /* TravisAuth.swift */,
			);
			path = Auth;
			sourceTree = "<group>";
		};
		8D0649E41FA1243F007123EF /* Utils */ = {
			isa = PBXGroup;
			children = (
				8D0649E51FA1244D007123EF /* TravisError.swift */,
			);
			path = Utils;
			sourceTree = "<group>";
		};
		8D0649E91FA133AF007123EF /* Network */ = {
			isa = PBXGroup;
			children = (
				8D0649EA1FA133C1007123EF /* UrlManager.swift */,
			);
			path = Network;
			sourceTree = "<group>";
		};
		F63E29C43699A11A4F9C254F /* Frameworks */ = {
			isa = PBXGroup;
			children = (
				2365CD5B235F2ED000194F7C /* Alamofire.framework */,
				90F315F978F8DF91AF6242D3 /* libPods-TravisCI.a */,
				F9C8A518347FA1828A616F3A /* libPods-TravisCITests.a */,
			);
			name = Frameworks;
			sourceTree = "<group>";
		};
/* End PBXGroup section */

/* Begin PBXHeadersBuildPhase section */
		8D0649B21FA118F1007123EF /* Headers */ = {
			isa = PBXHeadersBuildPhase;
			buildActionMask = 2147483647;
			files = (
				8D0649C61FA118F1007123EF /* TravisCI.h in Headers */,
			);
			runOnlyForDeploymentPostprocessing = 0;
		};
/* End PBXHeadersBuildPhase section */

/* Begin PBXNativeTarget section */
		8D0649B41FA118F1007123EF /* TravisCI */ = {
			isa = PBXNativeTarget;
			buildConfigurationList = 8D0649C91FA118F1007123EF /* Build configuration list for PBXNativeTarget "TravisCI" */;
			buildPhases = (
				BEE20068FA5CDE97164DDF91 /* [CP] Check Pods Manifest.lock */,
				8D0649B01FA118F1007123EF /* Sources */,
				8D0649B11FA118F1007123EF /* Frameworks */,
				8D0649B21FA118F1007123EF /* Headers */,
				8D0649B31FA118F1007123EF /* Resources */,
			);
			buildRules = (
			);
			dependencies = (
			);
			name = TravisCI;
			productName = TravisCI;
			productReference = 8D0649B51FA118F1007123EF /* TravisCI.framework */;
			productType = "com.apple.product-type.framework";
		};
		8D0649BD1FA118F1007123EF /* TravisCITests */ = {
			isa = PBXNativeTarget;
			buildConfigurationList = 8D0649CC1FA118F1007123EF /* Build configuration list for PBXNativeTarget "TravisCITests" */;
			buildPhases = (
				4D16577EBC5D6A1524AB68F4 /* [CP] Check Pods Manifest.lock */,
				8D0649BA1FA118F1007123EF /* Sources */,
				8D0649BB1FA118F1007123EF /* Frameworks */,
				8D0649BC1FA118F1007123EF /* Resources */,
			);
			buildRules = (
			);
			dependencies = (
				8D0649C11FA118F1007123EF /* PBXTargetDependency */,
			);
			name = TravisCITests;
			productName = TravisCITests;
			productReference = 8D0649BE1FA118F1007123EF /* TravisCITests.xctest */;
			productType = "com.apple.product-type.bundle.unit-test";
		};
/* End PBXNativeTarget section */

/* Begin PBXProject section */
		8D0649AC1FA118F1007123EF /* Project object */ = {
			isa = PBXProject;
			attributes = {
				LastSwiftUpdateCheck = 0900;
				LastUpgradeCheck = 1110;
				ORGANIZATIONNAME = "Sudara Fernando";
				TargetAttributes = {
					8D0649B41FA118F1007123EF = {
						CreatedOnToolsVersion = 9.0.1;
						LastSwiftMigration = 1110;
						ProvisioningStyle = Automatic;
					};
					8D0649BD1FA118F1007123EF = {
						CreatedOnToolsVersion = 9.0.1;
						LastSwiftMigration = 1110;
						ProvisioningStyle = Automatic;
					};
				};
			};
			buildConfigurationList = 8D0649AF1FA118F1007123EF /* Build configuration list for PBXProject "TravisCI" */;
			compatibilityVersion = "Xcode 8.0";
			developmentRegion = en;
			hasScannedForEncodings = 0;
			knownRegions = (
				en,
				Base,
			);
			mainGroup = 8D0649AB1FA118F1007123EF;
			productRefGroup = 8D0649B61FA118F1007123EF /* Products */;
			projectDirPath = "";
			projectRoot = "";
			targets = (
				8D0649B41FA118F1007123EF /* TravisCI */,
				8D0649BD1FA118F1007123EF /* TravisCITests */,
			);
		};
/* End PBXProject section */

/* Begin PBXResourcesBuildPhase section */
		8D0649B31FA118F1007123EF /* Resources */ = {
			isa = PBXResourcesBuildPhase;
			buildActionMask = 2147483647;
			files = (
			);
			runOnlyForDeploymentPostprocessing = 0;
		};
		8D0649BC1FA118F1007123EF /* Resources */ = {
			isa = PBXResourcesBuildPhase;
			buildActionMask = 2147483647;
			files = (
			);
			runOnlyForDeploymentPostprocessing = 0;
		};
/* End PBXResourcesBuildPhase section */

/* Begin PBXShellScriptBuildPhase section */
		4D16577EBC5D6A1524AB68F4 /* [CP] Check Pods Manifest.lock */ = {
			isa = PBXShellScriptBuildPhase;
			buildActionMask = 2147483647;
			files = (
			);
			inputFileListPaths = (
			);
			inputPaths = (
				"${PODS_PODFILE_DIR_PATH}/Podfile.lock",
				"${PODS_ROOT}/Manifest.lock",
			);
			name = "[CP] Check Pods Manifest.lock";
			outputFileListPaths = (
			);
			outputPaths = (
				"$(DERIVED_FILE_DIR)/Pods-TravisCITests-checkManifestLockResult.txt",
			);
			runOnlyForDeploymentPostprocessing = 0;
			shellPath = /bin/sh;
			shellScript = "diff \"${PODS_PODFILE_DIR_PATH}/Podfile.lock\" \"${PODS_ROOT}/Manifest.lock\" > /dev/null\nif [ $? != 0 ] ; then\n    # print error to STDERR\n    echo \"error: The sandbox is not in sync with the Podfile.lock. Run 'pod install' or update your CocoaPods installation.\" >&2\n    exit 1\nfi\n# This output is used by Xcode 'outputs' to avoid re-running this script phase.\necho \"SUCCESS\" > \"${SCRIPT_OUTPUT_FILE_0}\"\n";
			showEnvVarsInLog = 0;
		};
		BEE20068FA5CDE97164DDF91 /* [CP] Check Pods Manifest.lock */ = {
			isa = PBXShellScriptBuildPhase;
			buildActionMask = 2147483647;
			files = (
			);
			inputFileListPaths = (
			);
			inputPaths = (
				"${PODS_PODFILE_DIR_PATH}/Podfile.lock",
				"${PODS_ROOT}/Manifest.lock",
			);
			name = "[CP] Check Pods Manifest.lock";
			outputFileListPaths = (
			);
			outputPaths = (
				"$(DERIVED_FILE_DIR)/Pods-TravisCI-checkManifestLockResult.txt",
			);
			runOnlyForDeploymentPostprocessing = 0;
			shellPath = /bin/sh;
			shellScript = "diff \"${PODS_PODFILE_DIR_PATH}/Podfile.lock\" \"${PODS_ROOT}/Manifest.lock\" > /dev/null\nif [ $? != 0 ] ; then\n    # print error to STDERR\n    echo \"error: The sandbox is not in sync with the Podfile.lock. Run 'pod install' or update your CocoaPods installation.\" >&2\n    exit 1\nfi\n# This output is used by Xcode 'outputs' to avoid re-running this script phase.\necho \"SUCCESS\" > \"${SCRIPT_OUTPUT_FILE_0}\"\n";
			showEnvVarsInLog = 0;
		};
/* End PBXShellScriptBuildPhase section */

/* Begin PBXSourcesBuildPhase section */
		8D0649B01FA118F1007123EF /* Sources */ = {
			isa = PBXSourcesBuildPhase;
			buildActionMask = 2147483647;
			files = (
				8D0649EB1FA133C1007123EF /* UrlManager.swift in Sources */,
				8D0649D71FA11B94007123EF /* TravisAccount.swift in Sources */,
				8D0649D41FA11B94007123EF /* TravisRepository.swift in Sources */,
				8D0649E01FA11CB9007123EF /* TravisConfig.swift in Sources */,
				8D0649EF1FA14151007123EF /* TravisAuthAdapter.swift in Sources */,
				8D0649E31FA11CE3007123EF /* TravisAuth.swift in Sources */,
				8D0649DF1FA11CB9007123EF /* TravisSession.swift in Sources */,
				8D0649F71FA164CC007123EF /* TravisSessionManager.swift in Sources */,
				8D0649D51FA11B94007123EF /* TravisCommit.swift in Sources */,
				8D0649D61FA11B94007123EF /* TravisBuild.swift in Sources */,
				8D0649E61FA1244D007123EF /* TravisError.swift in Sources */,
			);
			runOnlyForDeploymentPostprocessing = 0;
		};
		8D0649BA1FA118F1007123EF /* Sources */ = {
			isa = PBXSourcesBuildPhase;
			buildActionMask = 2147483647;
			files = (
				8D0649C41FA118F1007123EF /* TravisConfigTests.swift in Sources */,
				8D0649F11FA14229007123EF /* TravisAuthTests.swift in Sources */,
			);
			runOnlyForDeploymentPostprocessing = 0;
		};
/* End PBXSourcesBuildPhase section */

/* Begin PBXTargetDependency section */
		8D0649C11FA118F1007123EF /* PBXTargetDependency */ = {
			isa = PBXTargetDependency;
			target = 8D0649B41FA118F1007123EF /* TravisCI */;
			targetProxy = 8D0649C01FA118F1007123EF /* PBXContainerItemProxy */;
		};
/* End PBXTargetDependency section */

/* Begin XCBuildConfiguration section */
		8D0649C71FA118F1007123EF /* Debug */ = {
			isa = XCBuildConfiguration;
			buildSettings = {
				ALWAYS_SEARCH_USER_PATHS = NO;
				CLANG_ANALYZER_NONNULL = YES;
				CLANG_ANALYZER_NUMBER_OBJECT_CONVERSION = YES_AGGRESSIVE;
				CLANG_CXX_LANGUAGE_STANDARD = "gnu++14";
				CLANG_CXX_LIBRARY = "libc++";
				CLANG_ENABLE_MODULES = YES;
				CLANG_ENABLE_OBJC_ARC = YES;
				CLANG_WARN_BLOCK_CAPTURE_AUTORELEASING = YES;
				CLANG_WARN_BOOL_CONVERSION = YES;
				CLANG_WARN_COMMA = YES;
				CLANG_WARN_CONSTANT_CONVERSION = YES;
				CLANG_WARN_DEPRECATED_OBJC_IMPLEMENTATIONS = YES;
				CLANG_WARN_DIRECT_OBJC_ISA_USAGE = YES_ERROR;
				CLANG_WARN_DOCUMENTATION_COMMENTS = YES;
				CLANG_WARN_EMPTY_BODY = YES;
				CLANG_WARN_ENUM_CONVERSION = YES;
				CLANG_WARN_INFINITE_RECURSION = YES;
				CLANG_WARN_INT_CONVERSION = YES;
				CLANG_WARN_NON_LITERAL_NULL_CONVERSION = YES;
				CLANG_WARN_OBJC_IMPLICIT_RETAIN_SELF = YES;
				CLANG_WARN_OBJC_LITERAL_CONVERSION = YES;
				CLANG_WARN_OBJC_ROOT_CLASS = YES_ERROR;
				CLANG_WARN_RANGE_LOOP_ANALYSIS = YES;
				CLANG_WARN_STRICT_PROTOTYPES = YES;
				CLANG_WARN_SUSPICIOUS_MOVE = YES;
				CLANG_WARN_UNGUARDED_AVAILABILITY = YES_AGGRESSIVE;
				CLANG_WARN_UNREACHABLE_CODE = YES;
				CLANG_WARN__DUPLICATE_METHOD_MATCH = YES;
				CODE_SIGN_IDENTITY = "iPhone Developer";
				COPY_PHASE_STRIP = NO;
				CURRENT_PROJECT_VERSION = 1;
				DEBUG_INFORMATION_FORMAT = dwarf;
				ENABLE_STRICT_OBJC_MSGSEND = YES;
				ENABLE_TESTABILITY = YES;
				GCC_C_LANGUAGE_STANDARD = gnu11;
				GCC_DYNAMIC_NO_PIC = NO;
				GCC_NO_COMMON_BLOCKS = YES;
				GCC_OPTIMIZATION_LEVEL = 0;
				GCC_PREPROCESSOR_DEFINITIONS = (
					"DEBUG=1",
					"$(inherited)",
				);
				GCC_WARN_64_TO_32_BIT_CONVERSION = YES;
				GCC_WARN_ABOUT_RETURN_TYPE = YES_ERROR;
				GCC_WARN_UNDECLARED_SELECTOR = YES;
				GCC_WARN_UNINITIALIZED_AUTOS = YES_AGGRESSIVE;
				GCC_WARN_UNUSED_FUNCTION = YES;
				GCC_WARN_UNUSED_VARIABLE = YES;
				IPHONEOS_DEPLOYMENT_TARGET = 11.0;
				MTL_ENABLE_DEBUG_INFO = YES;
				ONLY_ACTIVE_ARCH = YES;
				SDKROOT = iphoneos;
				SWIFT_ACTIVE_COMPILATION_CONDITIONS = DEBUG;
				SWIFT_OPTIMIZATION_LEVEL = "-Onone";
				VERSIONING_SYSTEM = "apple-generic";
				VERSION_INFO_PREFIX = "";
			};
			name = Debug;
		};
		8D0649C81FA118F1007123EF /* Release */ = {
			isa = XCBuildConfiguration;
			buildSettings = {
				ALWAYS_SEARCH_USER_PATHS = NO;
				CLANG_ANALYZER_NONNULL = YES;
				CLANG_ANALYZER_NUMBER_OBJECT_CONVERSION = YES_AGGRESSIVE;
				CLANG_CXX_LANGUAGE_STANDARD = "gnu++14";
				CLANG_CXX_LIBRARY = "libc++";
				CLANG_ENABLE_MODULES = YES;
				CLANG_ENABLE_OBJC_ARC = YES;
				CLANG_WARN_BLOCK_CAPTURE_AUTORELEASING = YES;
				CLANG_WARN_BOOL_CONVERSION = YES;
				CLANG_WARN_COMMA = YES;
				CLANG_WARN_CONSTANT_CONVERSION = YES;
				CLANG_WARN_DEPRECATED_OBJC_IMPLEMENTATIONS = YES;
				CLANG_WARN_DIRECT_OBJC_ISA_USAGE = YES_ERROR;
				CLANG_WARN_DOCUMENTATION_COMMENTS = YES;
				CLANG_WARN_EMPTY_BODY = YES;
				CLANG_WARN_ENUM_CONVERSION = YES;
				CLANG_WARN_INFINITE_RECURSION = YES;
				CLANG_WARN_INT_CONVERSION = YES;
				CLANG_WARN_NON_LITERAL_NULL_CONVERSION = YES;
				CLANG_WARN_OBJC_IMPLICIT_RETAIN_SELF = YES;
				CLANG_WARN_OBJC_LITERAL_CONVERSION = YES;
				CLANG_WARN_OBJC_ROOT_CLASS = YES_ERROR;
				CLANG_WARN_RANGE_LOOP_ANALYSIS = YES;
				CLANG_WARN_STRICT_PROTOTYPES = YES;
				CLANG_WARN_SUSPICIOUS_MOVE = YES;
				CLANG_WARN_UNGUARDED_AVAILABILITY = YES_AGGRESSIVE;
				CLANG_WARN_UNREACHABLE_CODE = YES;
				CLANG_WARN__DUPLICATE_METHOD_MATCH = YES;
				CODE_SIGN_IDENTITY = "iPhone Developer";
				COPY_PHASE_STRIP = NO;
				CURRENT_PROJECT_VERSION = 1;
				DEBUG_INFORMATION_FORMAT = "dwarf-with-dsym";
				ENABLE_NS_ASSERTIONS = NO;
				ENABLE_STRICT_OBJC_MSGSEND = YES;
				GCC_C_LANGUAGE_STANDARD = gnu11;
				GCC_NO_COMMON_BLOCKS = YES;
				GCC_WARN_64_TO_32_BIT_CONVERSION = YES;
				GCC_WARN_ABOUT_RETURN_TYPE = YES_ERROR;
				GCC_WARN_UNDECLARED_SELECTOR = YES;
				GCC_WARN_UNINITIALIZED_AUTOS = YES_AGGRESSIVE;
				GCC_WARN_UNUSED_FUNCTION = YES;
				GCC_WARN_UNUSED_VARIABLE = YES;
				IPHONEOS_DEPLOYMENT_TARGET = 11.0;
				MTL_ENABLE_DEBUG_INFO = NO;
				SDKROOT = iphoneos;
				SWIFT_OPTIMIZATION_LEVEL = "-Owholemodule";
				VALIDATE_PRODUCT = YES;
				VERSIONING_SYSTEM = "apple-generic";
				VERSION_INFO_PREFIX = "";
			};
			name = Release;
		};
		8D0649CA1FA118F1007123EF /* Debug */ = {
			isa = XCBuildConfiguration;
			baseConfigurationReference = A03B3C83185CC5EC0756CB93 /* Pods-TravisCI.debug.xcconfig */;
			buildSettings = {
				ALWAYS_EMBED_SWIFT_STANDARD_LIBRARIES = "$(inherited)";
				CLANG_ENABLE_MODULES = YES;
				CODE_SIGN_IDENTITY = "";
				CODE_SIGN_STYLE = Automatic;
				DEFINES_MODULE = YES;
				DYLIB_COMPATIBILITY_VERSION = 1;
				DYLIB_CURRENT_VERSION = 1;
				DYLIB_INSTALL_NAME_BASE = "@rpath";
				INFOPLIST_FILE = TravisCI/Info.plist;
				INSTALL_PATH = "$(LOCAL_LIBRARY_DIR)/Frameworks";
				IPHONEOS_DEPLOYMENT_TARGET = 10.0;
				LD_RUNPATH_SEARCH_PATHS = "$(inherited) @executable_path/Frameworks @loader_path/Frameworks";
				PRODUCT_BUNDLE_IDENTIFIER = tech.sudara.TravisCI;
				PRODUCT_NAME = "$(TARGET_NAME:c99extidentifier)";
				SKIP_INSTALL = YES;
				SWIFT_OPTIMIZATION_LEVEL = "-Onone";
				SWIFT_VERSION = 5.0;
				TARGETED_DEVICE_FAMILY = "1,2";
			};
			name = Debug;
		};
		8D0649CB1FA118F1007123EF /* Release */ = {
			isa = XCBuildConfiguration;
			baseConfigurationReference = 42E3025A4FCD9EC2EBFFF028 /* Pods-TravisCI.release.xcconfig */;
			buildSettings = {
				ALWAYS_EMBED_SWIFT_STANDARD_LIBRARIES = "$(inherited)";
				CLANG_ENABLE_MODULES = YES;
				CODE_SIGN_IDENTITY = "";
				CODE_SIGN_STYLE = Automatic;
				DEFINES_MODULE = YES;
				DYLIB_COMPATIBILITY_VERSION = 1;
				DYLIB_CURRENT_VERSION = 1;
				DYLIB_INSTALL_NAME_BASE = "@rpath";
				INFOPLIST_FILE = TravisCI/Info.plist;
				INSTALL_PATH = "$(LOCAL_LIBRARY_DIR)/Frameworks";
				IPHONEOS_DEPLOYMENT_TARGET = 10.0;
				LD_RUNPATH_SEARCH_PATHS = "$(inherited) @executable_path/Frameworks @loader_path/Frameworks";
				PRODUCT_BUNDLE_IDENTIFIER = tech.sudara.TravisCI;
				PRODUCT_NAME = "$(TARGET_NAME:c99extidentifier)";
				SKIP_INSTALL = YES;
				SWIFT_VERSION = 5.0;
				TARGETED_DEVICE_FAMILY = "1,2";
			};
			name = Release;
		};
		8D0649CD1FA118F1007123EF /* Debug */ = {
			isa = XCBuildConfiguration;
			baseConfigurationReference = 14AEB47873F7922D2B569AAF /* Pods-TravisCITests.debug.xcconfig */;
			buildSettings = {
				ALWAYS_EMBED_SWIFT_STANDARD_LIBRARIES = "$(inherited)";
				CODE_SIGN_STYLE = Automatic;
				INFOPLIST_FILE = TravisCITests/Info.plist;
				LD_RUNPATH_SEARCH_PATHS = "$(inherited) @executable_path/Frameworks @loader_path/Frameworks";
				PRODUCT_BUNDLE_IDENTIFIER = tech.sudara.TravisCITests;
				PRODUCT_NAME = "$(TARGET_NAME)";
				SWIFT_VERSION = 5.0;
				TARGETED_DEVICE_FAMILY = "1,2";
			};
			name = Debug;
		};
		8D0649CE1FA118F1007123EF /* Release */ = {
			isa = XCBuildConfiguration;
			baseConfigurationReference = 50C6D7200A09AC45115AD625 /* Pods-TravisCITests.release.xcconfig */;
			buildSettings = {
				ALWAYS_EMBED_SWIFT_STANDARD_LIBRARIES = "$(inherited)";
				CODE_SIGN_STYLE = Automatic;
				INFOPLIST_FILE = TravisCITests/Info.plist;
				LD_RUNPATH_SEARCH_PATHS = "$(inherited) @executable_path/Frameworks @loader_path/Frameworks";
				PRODUCT_BUNDLE_IDENTIFIER = tech.sudara.TravisCITests;
				PRODUCT_NAME = "$(TARGET_NAME)";
				SWIFT_VERSION = 5.0;
				TARGETED_DEVICE_FAMILY = "1,2";
			};
			name = Release;
		};
/* End XCBuildConfiguration section */

/* Begin XCConfigurationList section */
		8D0649AF1FA118F1007123EF /* Build configuration list for PBXProject "TravisCI" */ = {
			isa = XCConfigurationList;
			buildConfigurations = (
				8D0649C71FA118F1007123EF /* Debug */,
				8D0649C81FA118F1007123EF /* Release */,
			);
			defaultConfigurationIsVisible = 0;
			defaultConfigurationName = Release;
		};
		8D0649C91FA118F1007123EF /* Build configuration list for PBXNativeTarget "TravisCI" */ = {
			isa = XCConfigurationList;
			buildConfigurations = (
				8D0649CA1FA118F1007123EF /* Debug */,
				8D0649CB1FA118F1007123EF /* Release */,
			);
			defaultConfigurationIsVisible = 0;
			defaultConfigurationName = Release;
		};
		8D0649CC1FA118F1007123EF /* Build configuration list for PBXNativeTarget "TravisCITests" */ = {
			isa = XCConfigurationList;
			buildConfigurations = (
				8D0649CD1FA118F1007123EF /* Debug */,
				8D0649CE1FA118F1007123EF /* Release */,
			);
			defaultConfigurationIsVisible = 0;
			defaultConfigurationName = Release;
		};
/* End XCConfigurationList section */
	};
	rootObject = 8D0649AC1FA118F1007123EF /* Project object */;
}
